
Microsoft Visual Studio Solution File, Format Version 11.00
# Visual Studio 2010
Project("{2150E333-8FDC-42A3-9474-1A3956D46DE8}") = "Solution Items", "Solution Items", "{D829E81B-EF8B-4EB1-AE2C-9D43BECBFA7E}"
	ProjectSection(SolutionItems) = preProject
		Local.testsettings = Local.testsettings
		notes.txt = notes.txt
		Spider.vsmdi = Spider.vsmdi
		TraceAndTestImpact.testsettings = TraceAndTestImpact.testsettings
	EndProjectSection
EndProject
Project("{FAE04EC0-301F-11D3-BF4B-00C04F79EFBC}") = "Spider", "Spider.csproj", "{D7CCE11A-F5A9-4AD0-9DC8-7E39EC77DA3B}"
EndProject
Project("{FAE04EC0-301F-11D3-BF4B-00C04F79EFBC}") = "UnitTests", "UnitTests\UnitTests.csproj", "{1F3B7D25-9596-4C0D-9FB9-005CD8F3773A}"
EndProject
Project("{FAE04EC0-301F-11D3-BF4B-00C04F79EFBC}") = "SpiderTests", "SpiderTests\SpiderTests.csproj", "{8AF8065B-5844-4BD7-9848-A12CA4338AFF}"
EndProject
Project("{FAE04EC0-301F-11D3-BF4B-00C04F79EFBC}") = "Solitaire", "Solitaire\Solitaire.csproj", "{D27FF5E3-1DA0-4B3D-BF2F-D53C8F2098D1}"
EndProject
Global
	GlobalSection(TestCaseManagementSettings) = postSolution
		CategoryFile = Spider.vsmdi
	EndGlobalSection
	GlobalSection(SolutionConfigurationPlatforms) = preSolution
		Debug|x86 = Debug|x86
		Release|x86 = Release|x86
	EndGlobalSection
	GlobalSection(ProjectConfigurationPlatforms) = postSolution
		{D7CCE11A-F5A9-4AD0-9DC8-7E39EC77DA3B}.Debug|x86.ActiveCfg = Debug|x86
		{D7CCE11A-F5A9-4AD0-9DC8-7E39EC77DA3B}.Debug|x86.Build.0 = Debug|x86
		{D7CCE11A-F5A9-4AD0-9DC8-7E39EC77DA3B}.Release|x86.ActiveCfg = Release|x86
		{D7CCE11A-F5A9-4AD0-9DC8-7E39EC77DA3B}.Release|x86.Build.0 = Release|x86
		{1F3B7D25-9596-4C0D-9FB9-005CD8F3773A}.Debug|x86.ActiveCfg = Debug|Any CPU
		{1F3B7D25-9596-4C0D-9FB9-005CD8F3773A}.Release|x86.ActiveCfg = Release|x86
		{1F3B7D25-9596-4C0D-9FB9-005CD8F3773A}.Release|x86.Build.0 = Release|x86
		{8AF8065B-5844-4BD7-9848-A12CA4338AFF}.Debug|x86.ActiveCfg = Debug|Any CPU
		{8AF8065B-5844-4BD7-9848-A12CA4338AFF}.Release|x86.ActiveCfg = Release|x86
		{8AF8065B-5844-4BD7-9848-A12CA4338AFF}.Release|x86.Build.0 = Release|x86
		{D27FF5E3-1DA0-4B3D-BF2F-D53C8F2098D1}.Debug|x86.ActiveCfg = Debug|x86
		{D27FF5E3-1DA0-4B3D-BF2F-D53C8F2098D1}.Debug|x86.Build.0 = Debug|x86
		{D27FF5E3-1DA0-4B3D-BF2F-D53C8F2098D1}.Release|x86.ActiveCfg = Release|x86
		{D27FF5E3-1DA0-4B3D-BF2F-D53C8F2098D1}.Release|x86.Build.0 = Release|x86
	EndGlobalSection
	GlobalSection(SolutionProperties) = preSolution
		HideSolutionNode = FALSE
	EndGlobalSection
EndGlobal
